
Microsoft Visual Studio Solution File, Format Version 12.00
# Visual Studio Version 16
VisualStudioVersion = 16.0.31605.320
MinimumVisualStudioVersion = 10.0.40219.1
Project("{FAE04EC0-301F-11D3-BF4B-00C04F79EFBC}") = "WPF Test", "WPF Test.csproj", "{B46CB022-AB32-480A-B9AE-89EEDEB55513}"
EndProject
Global
	GlobalSection(SolutionConfigurationPlatforms) = preSolution
		Debug|Any CPU = Debug|Any CPU
		Release|Any CPU = Release|Any CPU
	EndGlobalSection
	GlobalSection(ProjectConfigurationPlatforms) = postSolution
		{B46CB022-AB32-480A-B9AE-89EEDEB55513}.Debug|Any CPU.ActiveCfg = Debug|Any CPU
		{B46CB022-AB32-480A-B9AE-89EEDEB55513}.Debug|Any CPU.Build.0 = Debug|Any CPU
		{B46CB022-AB32-480A-B9AE-89EEDEB55513}.Release|Any CPU.ActiveCfg = Release|Any CPU
		{B46CB022-AB32-480A-B9AE-89EEDEB55513}.Release|Any CPU.Build.0 = Release|Any CPU
	EndGlobalSection
	GlobalSection(SolutionProperties) = preSolution
		HideSolutionNode = FALSE
	EndGlobalSection
	GlobalSection(ExtensibilityGlobals) = postSolution
		SolutionGuid = {2AAF983C-07BA-4F60-AF05-A39C36CBD808}
	EndGlobalSection
EndGlobal
